
Microsoft Visual Studio Solution File, Format Version 12.00
# Visual Studio Version 17
VisualStudioVersion = 17.3.32901.215
MinimumVisualStudioVersion = 10.0.40219.1
Project("{FAE04EC0-301F-11D3-BF4B-00C04F79EFBC}") = "PIC24FlashProgrammer", "PIC24FlashProgrammer\PIC24FlashProgrammer.csproj", "{9C987663-9739-481B-AC60-08F89767273A}"
EndProject
Project("{9A19103F-16F7-4668-BE54-9A1E7A4F7556}") = "HexParser", "HexParser\HexParser.csproj", "{011B7243-0868-4DBF-A866-8CE0A829FD9C}"
EndProject
Global
	GlobalSection(SolutionConfigurationPlatforms) = preSolution
		Debug|Any CPU = Debug|Any CPU
		Release|Any CPU = Release|Any CPU
	EndGlobalSection
	GlobalSection(ProjectConfigurationPlatforms) = postSolution
		{9C987663-9739-481B-AC60-08F89767273A}.Debug|Any CPU.ActiveCfg = Debug|Any CPU
		{9C987663-9739-481B-AC60-08F89767273A}.Debug|Any CPU.Build.0 = Debug|Any CPU
		{9C987663-9739-481B-AC60-08F89767273A}.Release|Any CPU.ActiveCfg = Release|Any CPU
		{9C987663-9739-481B-AC60-08F89767273A}.Release|Any CPU.Build.0 = Release|Any CPU
		{011B7243-0868-4DBF-A866-8CE0A829FD9C}.Debug|Any CPU.ActiveCfg = Debug|Any CPU
		{011B7243-0868-4DBF-A866-8CE0A829FD9C}.Debug|Any CPU.Build.0 = Debug|Any CPU
		{011B7243-0868-4DBF-A866-8CE0A829FD9C}.Release|Any CPU.ActiveCfg = Release|Any CPU
		{011B7243-0868-4DBF-A866-8CE0A829FD9C}.Release|Any CPU.Build.0 = Release|Any CPU
	EndGlobalSection
	GlobalSection(SolutionProperties) = preSolution
		HideSolutionNode = FALSE
	EndGlobalSection
	GlobalSection(ExtensibilityGlobals) = postSolution
		SolutionGuid = {FFE0567B-9362-4D3E-98EE-771F87C75A11}
	EndGlobalSection
EndGlobal
